
Microsoft Visual Studio Solution File, Format Version 12.00
# Visual Studio 15
VisualStudioVersion = 15.0.26124.0
MinimumVisualStudioVersion = 15.0.26124.0
Project("{9A19103F-16F7-4668-BE54-9A1E7A4F7556}") = "PlasticFreeOcean", "PlasticFreeOcean.csproj", "{D5217EFF-C9AF-470D-96B9-5C7A674333CA}"
EndProject
Global
	GlobalSection(SolutionConfigurationPlatforms) = preSolution
		Debug|Any CPU = Debug|Any CPU
		Debug|x64 = Debug|x64
		Debug|x86 = Debug|x86
		Release|Any CPU = Release|Any CPU
		Release|x64 = Release|x64
		Release|x86 = Release|x86
	EndGlobalSection
	GlobalSection(ProjectConfigurationPlatforms) = postSolution
		{D5217EFF-C9AF-470D-96B9-5C7A674333CA}.Debug|Any CPU.ActiveCfg = Debug|Any CPU
		{D5217EFF-C9AF-470D-96B9-5C7A674333CA}.Debug|Any CPU.Build.0 = Debug|Any CPU
		{D5217EFF-C9AF-470D-96B9-5C7A674333CA}.Debug|x64.ActiveCfg = Debug|Any CPU
		{D5217EFF-C9AF-470D-96B9-5C7A674333CA}.Debug|x64.Build.0 = Debug|Any CPU
		{D5217EFF-C9AF-470D-96B9-5C7A674333CA}.Debug|x86.ActiveCfg = Debug|Any CPU
		{D5217EFF-C9AF-470D-96B9-5C7A674333CA}.Debug|x86.Build.0 = Debug|Any CPU
		{D5217EFF-C9AF-470D-96B9-5C7A674333CA}.Release|Any CPU.ActiveCfg = Release|Any CPU
		{D5217EFF-C9AF-470D-96B9-5C7A674333CA}.Release|Any CPU.Build.0 = Release|Any CPU
		{D5217EFF-C9AF-470D-96B9-5C7A674333CA}.Release|x64.ActiveCfg = Release|Any CPU
		{D5217EFF-C9AF-470D-96B9-5C7A674333CA}.Release|x64.Build.0 = Release|Any CPU
		{D5217EFF-C9AF-470D-96B9-5C7A674333CA}.Release|x86.ActiveCfg = Release|Any CPU
		{D5217EFF-C9AF-470D-96B9-5C7A674333CA}.Release|x86.Build.0 = Release|Any CPU
	EndGlobalSection
	GlobalSection(SolutionProperties) = preSolution
		HideSolutionNode = FALSE
	EndGlobalSection
	GlobalSection(ExtensibilityGlobals) = postSolution
		SolutionGuid = {7CB9EBFD-4915-437A-90D9-D2E7BC427E1C}
	EndGlobalSection
EndGlobal
